
Microsoft Visual Studio Solution File, Format Version 12.00
# Visual Studio Version 16
VisualStudioVersion = 16.0.31321.278
MinimumVisualStudioVersion = 10.0.40219.1
Project("{FAE04EC0-301F-11D3-BF4B-00C04F79EFBC}") = "2nd", "2nd\2nd.csproj", "{0AD7FC77-3EA3-425A-9EFF-9C6F51BE4E1B}"
EndProject
Global
	GlobalSection(SolutionConfigurationPlatforms) = preSolution
		Debug|Any CPU = Debug|Any CPU
		Release|Any CPU = Release|Any CPU
	EndGlobalSection
	GlobalSection(ProjectConfigurationPlatforms) = postSolution
		{0AD7FC77-3EA3-425A-9EFF-9C6F51BE4E1B}.Debug|Any CPU.ActiveCfg = Debug|Any CPU
		{0AD7FC77-3EA3-425A-9EFF-9C6F51BE4E1B}.Debug|Any CPU.Build.0 = Debug|Any CPU
		{0AD7FC77-3EA3-425A-9EFF-9C6F51BE4E1B}.Release|Any CPU.ActiveCfg = Release|Any CPU
		{0AD7FC77-3EA3-425A-9EFF-9C6F51BE4E1B}.Release|Any CPU.Build.0 = Release|Any CPU
	EndGlobalSection
	GlobalSection(SolutionProperties) = preSolution
		HideSolutionNode = FALSE
	EndGlobalSection
	GlobalSection(ExtensibilityGlobals) = postSolution
		SolutionGuid = {44D114F0-DD7D-49A7-9471-212029D5FB0A}
	EndGlobalSection
EndGlobal
